
Microsoft Visual Studio Solution File, Format Version 12.00
# Visual Studio Version 17
VisualStudioVersion = 17.1.32414.318
MinimumVisualStudioVersion = 10.0.40219.1
Project("{FAE04EC0-301F-11D3-BF4B-00C04F79EFBC}") = "SAE_geniert", "SAE_geniert\SAE_geniert.csproj", "{A21C8F4D-6DCB-4FCB-AFED-D653D68DA54D}"
EndProject
Global
	GlobalSection(SolutionConfigurationPlatforms) = preSolution
		Debug|Any CPU = Debug|Any CPU
		Release|Any CPU = Release|Any CPU
	EndGlobalSection
	GlobalSection(ProjectConfigurationPlatforms) = postSolution
		{A21C8F4D-6DCB-4FCB-AFED-D653D68DA54D}.Debug|Any CPU.ActiveCfg = Debug|Any CPU
		{A21C8F4D-6DCB-4FCB-AFED-D653D68DA54D}.Debug|Any CPU.Build.0 = Debug|Any CPU
		{A21C8F4D-6DCB-4FCB-AFED-D653D68DA54D}.Release|Any CPU.ActiveCfg = Release|Any CPU
		{A21C8F4D-6DCB-4FCB-AFED-D653D68DA54D}.Release|Any CPU.Build.0 = Release|Any CPU
	EndGlobalSection
	GlobalSection(SolutionProperties) = preSolution
		HideSolutionNode = FALSE
	EndGlobalSection
	GlobalSection(ExtensibilityGlobals) = postSolution
		SolutionGuid = {7E8C92E8-9984-4010-9BBC-DA723C475EB8}
	EndGlobalSection
EndGlobal
